
Microsoft Visual Studio Solution File, Format Version 12.00
# Visual Studio Version 16
VisualStudioVersion = 16.0.31702.278
MinimumVisualStudioVersion = 10.0.40219.1
Project("{FAE04EC0-301F-11D3-BF4B-00C04F79EFBC}") = "AutoMotiveWorkshop", "AutoMotiveWorkshop\AutoMotiveWorkshop.csproj", "{ED043C33-D112-4727-86AF-2BEAD6F360F0}"
EndProject
Project("{FAE04EC0-301F-11D3-BF4B-00C04F79EFBC}") = "AutoMotiveDB", "AutoMotiveDB\AutoMotiveDB.csproj", "{A08DB50E-9B17-4E01-8EA7-FF9CA6AA6CF4}"
EndProject
Global
	GlobalSection(SolutionConfigurationPlatforms) = preSolution
		Debug|Any CPU = Debug|Any CPU
		Release|Any CPU = Release|Any CPU
	EndGlobalSection
	GlobalSection(ProjectConfigurationPlatforms) = postSolution
		{ED043C33-D112-4727-86AF-2BEAD6F360F0}.Debug|Any CPU.ActiveCfg = Debug|Any CPU
		{ED043C33-D112-4727-86AF-2BEAD6F360F0}.Debug|Any CPU.Build.0 = Debug|Any CPU
		{ED043C33-D112-4727-86AF-2BEAD6F360F0}.Release|Any CPU.ActiveCfg = Release|Any CPU
		{ED043C33-D112-4727-86AF-2BEAD6F360F0}.Release|Any CPU.Build.0 = Release|Any CPU
		{A08DB50E-9B17-4E01-8EA7-FF9CA6AA6CF4}.Debug|Any CPU.ActiveCfg = Debug|Any CPU
		{A08DB50E-9B17-4E01-8EA7-FF9CA6AA6CF4}.Debug|Any CPU.Build.0 = Debug|Any CPU
		{A08DB50E-9B17-4E01-8EA7-FF9CA6AA6CF4}.Release|Any CPU.ActiveCfg = Release|Any CPU
		{A08DB50E-9B17-4E01-8EA7-FF9CA6AA6CF4}.Release|Any CPU.Build.0 = Release|Any CPU
	EndGlobalSection
	GlobalSection(SolutionProperties) = preSolution
		HideSolutionNode = FALSE
	EndGlobalSection
	GlobalSection(ExtensibilityGlobals) = postSolution
		SolutionGuid = {828877D8-DD9B-4090-9A01-8E3A04179478}
	EndGlobalSection
EndGlobal
